// !$*UTF8*$!
{
	archiveVersion = 1;
	classes = {
	};
	objectVersion = 46;
	objects = {

/* Begin PBXBuildFile section */
		847AD1881A8B572E004E0798 /* favorites1.png in Resources */ = {isa = PBXBuildFile; fileRef = 847AD1841A8B572E004E0798 /* favorites1.png */; };
		847AD1891A8B572E004E0798 /* favorites2.png in Resources */ = {isa = PBXBuildFile; fileRef = 847AD1851A8B572E004E0798 /* favorites2.png */; };
		847AD18A1A8B572E004E0798 /* modeEdit.png in Resources */ = {isa = PBXBuildFile; fileRef = 847AD1861A8B572E004E0798 /* modeEdit.png */; };
		847AD18B1A8B572E004E0798 /* newMessage.png in Resources */ = {isa = PBXBuildFile; fileRef = 847AD1871A8B572E004E0798 /* newMessage.png */; };
		847E39891A8A9A4B00893FC2 /* screen.png in Resources */ = {isa = PBXBuildFile; fileRef = 847E39881A8A9A4B00893FC2 /* screen.png */; };
		8484DB461A8A089B004C4E5E /* main.m in Sources */ = {isa = PBXBuildFile; fileRef = 8484DB451A8A089B004C4E5E /* main.m */; };
		8484DB491A8A089B004C4E5E /* AppDelegate.m in Sources */ = {isa = PBXBuildFile; fileRef = 8484DB481A8A089B004C4E5E /* AppDelegate.m */; };
		8484DB4F1A8A089B004C4E5E /* Main.storyboard in Resources */ = {isa = PBXBuildFile; fileRef = 8484DB4D1A8A089B004C4E5E /* Main.storyboard */; };
		8484DB511A8A089B004C4E5E /* Images.xcassets in Resources */ = {isa = PBXBuildFile; fileRef = 8484DB501A8A089B004C4E5E /* Images.xcassets */; };
		8484DB541A8A089B004C4E5E /* LaunchScreen.xib in Resources */ = {isa = PBXBuildFile; fileRef = 8484DB521A8A089B004C4E5E /* LaunchScreen.xib */; };
		8484DB601A8A089B004C4E5E /* FloatingButtonTests.m in Sources */ = {isa = PBXBuildFile; fileRef = 8484DB5F1A8A089B004C4E5E /* FloatingButtonTests.m */; };
		8484DB6C1A8A08FE004C4E5E /* TMFloatingButton.m in Sources */ = {isa = PBXBuildFile; fileRef = 8484DB6B1A8A08FE004C4E5E /* TMFloatingButton.m */; };
		8484DB6F1A8A0A88004C4E5E /* TMTableViewController.m in Sources */ = {isa = PBXBuildFile; fileRef = 8484DB6E1A8A0A88004C4E5E /* TMTableViewController.m */; };
		8484DB711A8A157A004C4E5E /* buttonImages.xcassets in Resources */ = {isa = PBXBuildFile; fileRef = 8484DB701A8A157A004C4E5E /* buttonImages.xcassets */; };
/* End PBXBuildFile section */

/* Begin PBXContainerItemProxy section */
		8484DB5A1A8A089B004C4E5E /* PBXContainerItemProxy */ = {
			isa = PBXContainerItemProxy;
			containerPortal = 8484DB381A8A089B004C4E5E /* Project object */;
			proxyType = 1;
			remoteGlobalIDString = 8484DB3F1A8A089B004C4E5E;
			remoteInfo = FloatingButton;
		};
/* End PBXContainerItemProxy section */

/* Begin PBXFileReference section */
		847AD1841A8B572E004E0798 /* favorites1.png */ = {isa = PBXFileReference; lastKnownFileType = image.png; path = favorites1.png; sourceTree = "<group>"; };
		847AD1851A8B572E004E0798 /* favorites2.png */ = {isa = PBXFileReference; lastKnownFileType = image.png; path = favorites2.png; sourceTree = "<group>"; };
		847AD1861A8B572E004E0798 /* modeEdit.png */ = {isa = PBXFileReference; lastKnownFileType = image.png; path = modeEdit.png; sourceTree = "<group>"; };
		847AD1871A8B572E004E0798 /* newMessage.png */ = {isa = PBXFileReference; lastKnownFileType = image.png; path = newMessage.png; sourceTree = "<group>"; };
		847E39881A8A9A4B00893FC2 /* screen.png */ = {isa = PBXFileReference; lastKnownFileType = image.png; path = screen.png; sourceTree = "<group>"; };
		8484DB401A8A089B004C4E5E /* FloatingButton.app */ = {isa = PBXFileReference; explicitFileType = wrapper.application; includeInIndex = 0; path = FloatingButton.app; sourceTree = BUILT_PRODUCTS_DIR; };
		8484DB441A8A089B004C4E5E /* Info.plist */ = {isa = PBXFileReference; lastKnownFileType = text.plist.xml; path = Info.plist; sourceTree = "<group>"; };
		8484DB451A8A089B004C4E5E /* main.m */ = {isa = PBXFileReference; lastKnownFileType = sourcecode.c.objc; path = main.m; sourceTree = "<group>"; };
		8484DB471A8A089B004C4E5E /* AppDelegate.h */ = {isa = PBXFileReference; lastKnownFileType = sourcecode.c.h; path = AppDelegate.h; sourceTree = "<group>"; };
		8484DB481A8A089B004C4E5E /* AppDelegate.m */ = {isa = PBXFileReference; lastKnownFileType = sourcecode.c.objc; path = AppDelegate.m; sourceTree = "<group>"; };
		8484DB4E1A8A089B004C4E5E /* Base */ = {isa = PBXFileReference; lastKnownFileType = file.storyboard; name = Base; path = Base.lproj/Main.storyboard; sourceTree = "<group>"; };
		8484DB501A8A089B004C4E5E /* Images.xcassets */ = {isa = PBXFileReference; lastKnownFileType = folder.assetcatalog; path = Images.xcassets; sourceTree = "<group>"; };
		8484DB531A8A089B004C4E5E /* Base */ = {isa = PBXFileReference; lastKnownFileType = file.xib; name = Base; path = Base.lproj/LaunchScreen.xib; sourceTree = "<group>"; };
		8484DB591A8A089B004C4E5E /* FloatingButtonTests.xctest */ = {isa = PBXFileReference; explicitFileType = wrapper.cfbundle; includeInIndex = 0; path = FloatingButtonTests.xctest; sourceTree = BUILT_PRODUCTS_DIR; };
		8484DB5E1A8A089B004C4E5E /* Info.plist */ = {isa = PBXFileReference; lastKnownFileType = text.plist.xml; path = Info.plist; sourceTree = "<group>"; };
		8484DB5F1A8A089B004C4E5E /* FloatingButtonTests.m */ = {isa = PBXFileReference; lastKnownFileType = sourcecode.c.objc; path = FloatingButtonTests.m; sourceTree = "<group>"; };
		8484DB6A1A8A08FE004C4E5E /* TMFloatingButton.h */ = {isa = PBXFileReference; fileEncoding = 4; lastKnownFileType = sourcecode.c.h; path = TMFloatingButton.h; sourceTree = "<group>"; };
		8484DB6B1A8A08FE004C4E5E /* TMFloatingButton.m */ = {isa = PBXFileReference; fileEncoding = 4; lastKnownFileType = sourcecode.c.objc; path = TMFloatingButton.m; sourceTree = "<group>"; };
		8484DB6D1A8A0A88004C4E5E /* TMTableViewController.h */ = {isa = PBXFileReference; fileEncoding = 4; lastKnownFileType = sourcecode.c.h; path = TMTableViewController.h; sourceTree = "<group>"; };
		8484DB6E1A8A0A88004C4E5E /* TMTableViewController.m */ = {isa = PBXFileReference; fileEncoding = 4; lastKnownFileType = sourcecode.c.objc; path = TMTableViewController.m; sourceTree = "<group>"; };
		8484DB701A8A157A004C4E5E /* buttonImages.xcassets */ = {isa = PBXFileReference; lastKnownFileType = folder.assetcatalog; path = buttonImages.xcassets; sourceTree = "<group>"; };
/* End PBXFileReference section */

/* Begin PBXFrameworksBuildPhase section */
		8484DB3D1A8A089B004C4E5E /* Frameworks */ = {
			isa = PBXFrameworksBuildPhase;
			buildActionMask = 2147483647;
			files = (
			);
			runOnlyForDeploymentPostprocessing = 0;
		};
		8484DB561A8A089B004C4E5E /* Frameworks */ = {
			isa = PBXFrameworksBuildPhase;
			buildActionMask = 2147483647;
			files = (
			);
			runOnlyForDeploymentPostprocessing = 0;
		};
/* End PBXFrameworksBuildPhase section */

/* Begin PBXGroup section */
		8484DB371A8A089B004C4E5E = {
			isa = PBXGroup;
			children = (
				8484DB691A8A08FE004C4E5E /* TMFloatingButton */,
				8484DB421A8A089B004C4E5E /* FloatingButton */,
				8484DB5C1A8A089B004C4E5E /* FloatingButtonTests */,
				8484DB411A8A089B004C4E5E /* Products */,
			);
			sourceTree = "<group>";
		};
		8484DB411A8A089B004C4E5E /* Products */ = {
			isa = PBXGroup;
			children = (
				8484DB401A8A089B004C4E5E /* FloatingButton.app */,
				8484DB591A8A089B004C4E5E /* FloatingButtonTests.xctest */,
			);
			name = Products;
			sourceTree = "<group>";
		};
		8484DB421A8A089B004C4E5E /* FloatingButton */ = {
			isa = PBXGroup;
			children = (
				8484DB471A8A089B004C4E5E /* AppDelegate.h */,
				8484DB481A8A089B004C4E5E /* AppDelegate.m */,
				8484DB4D1A8A089B004C4E5E /* Main.storyboard */,
				8484DB6D1A8A0A88004C4E5E /* TMTableViewController.h */,
				8484DB6E1A8A0A88004C4E5E /* TMTableViewController.m */,
				8484DB501A8A089B004C4E5E /* Images.xcassets */,
				8484DB521A8A089B004C4E5E /* LaunchScreen.xib */,
				8484DB431A8A089B004C4E5E /* Supporting Files */,
			);
			path = FloatingButton;
			sourceTree = "<group>";
		};
		8484DB431A8A089B004C4E5E /* Supporting Files */ = {
			isa = PBXGroup;
			children = (
				847AD1841A8B572E004E0798 /* favorites1.png */,
				847AD1851A8B572E004E0798 /* favorites2.png */,
				847AD1861A8B572E004E0798 /* modeEdit.png */,
				847AD1871A8B572E004E0798 /* newMessage.png */,
				847E39881A8A9A4B00893FC2 /* screen.png */,
				8484DB441A8A089B004C4E5E /* Info.plist */,
				8484DB451A8A089B004C4E5E /* main.m */,
			);
			name = "Supporting Files";
			sourceTree = "<group>";
		};
		8484DB5C1A8A089B004C4E5E /* FloatingButtonTests */ = {
			isa = PBXGroup;
			children = (
				8484DB5F1A8A089B004C4E5E /* FloatingButtonTests.m */,
				8484DB5D1A8A089B004C4E5E /* Supporting Files */,
			);
			path = FloatingButtonTests;
			sourceTree = "<group>";
		};
		8484DB5D1A8A089B004C4E5E /* Supporting Files */ = {
			isa = PBXGroup;
			children = (
				8484DB5E1A8A089B004C4E5E /* Info.plist */,
			);
			name = "Supporting Files";
			sourceTree = "<group>";
		};
		8484DB691A8A08FE004C4E5E /* TMFloatingButton */ = {
			isa = PBXGroup;
			children = (
				8484DB6A1A8A08FE004C4E5E /* TMFloatingButton.h */,
				8484DB6B1A8A08FE004C4E5E /* TMFloatingButton.m */,
				8484DB701A8A157A004C4E5E /* buttonImages.xcassets */,
			);
			path = TMFloatingButton;
			sourceTree = "<group>";
		};
/* End PBXGroup section */

/* Begin PBXNativeTarget section */
		8484DB3F1A8A089B004C4E5E /* FloatingButton */ = {
			isa = PBXNativeTarget;
			buildConfigurationList = 8484DB631A8A089B004C4E5E /* Build configuration list for PBXNativeTarget "FloatingButton" */;
			buildPhases = (
				8484DB3C1A8A089B004C4E5E /* Sources */,
				8484DB3D1A8A089B004C4E5E /* Frameworks */,
				8484DB3E1A8A089B004C4E5E /* Resources */,
			);
			buildRules = (
			);
			dependencies = (
			);
			name = FloatingButton;
			productName = FloatingButton;
			productReference = 8484DB401A8A089B004C4E5E /* FloatingButton.app */;
			productType = "com.apple.product-type.application";
		};
		8484DB581A8A089B004C4E5E /* FloatingButtonTests */ = {
			isa = PBXNativeTarget;
			buildConfigurationList = 8484DB661A8A089B004C4E5E /* Build configuration list for PBXNativeTarget "FloatingButtonTests" */;
			buildPhases = (
				8484DB551A8A089B004C4E5E /* Sources */,
				8484DB561A8A089B004C4E5E /* Frameworks */,
				8484DB571A8A089B004C4E5E /* Resources */,
			);
			buildRules = (
			);
			dependencies = (
				8484DB5B1A8A089B004C4E5E /* PBXTargetDependency */,
			);
			name = FloatingButtonTests;
			productName = FloatingButtonTests;
			productReference = 8484DB591A8A089B004C4E5E /* FloatingButtonTests.xctest */;
			productType = "com.apple.product-type.bundle.unit-test";
		};
/* End PBXNativeTarget section */

/* Begin PBXProject section */
		8484DB381A8A089B004C4E5E /* Project object */ = {
			isa = PBXProject;
			attributes = {
				LastUpgradeCheck = 0610;
				ORGANIZATIONNAME = Techmagic;
				TargetAttributes = {
					8484DB3F1A8A089B004C4E5E = {
						CreatedOnToolsVersion = 6.1.1;
					};
					8484DB581A8A089B004C4E5E = {
						CreatedOnToolsVersion = 6.1.1;
						TestTargetID = 8484DB3F1A8A089B004C4E5E;
					};
				};
			};
			buildConfigurationList = 8484DB3B1A8A089B004C4E5E /* Build configuration list for PBXProject "FloatingButton" */;
			compatibilityVersion = "Xcode 3.2";
			developmentRegion = English;
			hasScannedForEncodings = 0;
			knownRegions = (
				en,
				Base,
			);
			mainGroup = 8484DB371A8A089B004C4E5E;
			productRefGroup = 8484DB411A8A089B004C4E5E /* Products */;
			projectDirPath = "";
			projectRoot = "";
			targets = (
				8484DB3F1A8A089B004C4E5E /* FloatingButton */,
				8484DB581A8A089B004C4E5E /* FloatingButtonTests */,
			);
		};
/* End PBXProject section */

/* Begin PBXResourcesBuildPhase section */
		8484DB3E1A8A089B004C4E5E /* Resources */ = {
			isa = PBXResourcesBuildPhase;
			buildActionMask = 2147483647;
			files = (
				8484DB4F1A8A089B004C4E5E /* Main.storyboard in Resources */,
				847E39891A8A9A4B00893FC2 /* screen.png in Resources */,
				847AD18A1A8B572E004E0798 /* modeEdit.png in Resources */,
				8484DB541A8A089B004C4E5E /* LaunchScreen.xib in Resources */,
				847AD1891A8B572E004E0798 /* favorites2.png in Resources */,
				8484DB511A8A089B004C4E5E /* Images.xcassets in Resources */,
				847AD18B1A8B572E004E0798 /* newMessage.png in Resources */,
				8484DB711A8A157A004C4E5E /* buttonImages.xcassets in Resources */,
				847AD1881A8B572E004E0798 /* favorites1.png in Resources */,
			);
			runOnlyForDeploymentPostprocessing = 0;
		};
		8484DB571A8A089B004C4E5E /* Resources */ = {
			isa = PBXResourcesBuildPhase;
			buildActionMask = 2147483647;
			files = (
			);
			runOnlyForDeploymentPostprocessing = 0;
		};
/* End PBXResourcesBuildPhase section */

/* Begin PBXSourcesBuildPhase section */
		8484DB3C1A8A089B004C4E5E /* Sources */ = {
			isa = PBXSourcesBuildPhase;
			buildActionMask = 2147483647;
			files = (
				8484DB6C1A8A08FE004C4E5E /* TMFloatingButton.m in Sources */,
				8484DB491A8A089B004C4E5E /* AppDelegate.m in Sources */,
				8484DB6F1A8A0A88004C4E5E /* TMTableViewController.m in Sources */,
				8484DB461A8A089B004C4E5E /* main.m in Sources */,
			);
			runOnlyForDeploymentPostprocessing = 0;
		};
		8484DB551A8A089B004C4E5E /* Sources */ = {
			isa = PBXSourcesBuildPhase;
			buildActionMask = 2147483647;
			files = (
				8484DB601A8A089B004C4E5E /* FloatingButtonTests.m in Sources */,
			);
			runOnlyForDeploymentPostprocessing = 0;
		};
/* End PBXSourcesBuildPhase section */

/* Begin PBXTargetDependency section */
		8484DB5B1A8A089B004C4E5E /* PBXTargetDependency */ = {
			isa = PBXTargetDependency;
			target = 8484DB3F1A8A089B004C4E5E /* FloatingButton */;
			targetProxy = 8484DB5A1A8A089B004C4E5E /* PBXContainerItemProxy */;
		};
/* End PBXTargetDependency section */

/* Begin PBXVariantGroup section */
		8484DB4D1A8A089B004C4E5E /* Main.storyboard */ = {
			isa = PBXVariantGroup;
			children = (
				8484DB4E1A8A089B004C4E5E /* Base */,
			);
			name = Main.storyboard;
			sourceTree = "<group>";
		};
		8484DB521A8A089B004C4E5E /* LaunchScreen.xib */ = {
			isa = PBXVariantGroup;
			children = (
				8484DB531A8A089B004C4E5E /* Base */,
			);
			name = LaunchScreen.xib;
			sourceTree = "<group>";
		};
/* End PBXVariantGroup section */

/* Begin XCBuildConfiguration section */
		8484DB611A8A089B004C4E5E /* Debug */ = {
			isa = XCBuildConfiguration;
			buildSettings = {
				ALWAYS_SEARCH_USER_PATHS = NO;
				CLANG_CXX_LANGUAGE_STANDARD = "gnu++0x";
				CLANG_CXX_LIBRARY = "libc++";
				CLANG_ENABLE_MODULES = YES;
				CLANG_ENABLE_OBJC_ARC = YES;
				CLANG_WARN_BOOL_CONVERSION = YES;
				CLANG_WARN_CONSTANT_CONVERSION = YES;
				CLANG_WARN_DIRECT_OBJC_ISA_USAGE = YES_ERROR;
				CLANG_WARN_EMPTY_BODY = YES;
				CLANG_WARN_ENUM_CONVERSION = YES;
				CLANG_WARN_INT_CONVERSION = YES;
				CLANG_WARN_OBJC_ROOT_CLASS = YES_ERROR;
				CLANG_WARN_UNREACHABLE_CODE = YES;
				CLANG_WARN__DUPLICATE_METHOD_MATCH = YES;
				"CODE_SIGN_IDENTITY[sdk=iphoneos*]" = "iPhone Developer";
				COPY_PHASE_STRIP = NO;
				ENABLE_STRICT_OBJC_MSGSEND = YES;
				GCC_C_LANGUAGE_STANDARD = gnu99;
				GCC_DYNAMIC_NO_PIC = NO;
				GCC_OPTIMIZATION_LEVEL = 0;
				GCC_PREPROCESSOR_DEFINITIONS = (
					"DEBUG=1",
					"$(inherited)",
				);
				GCC_SYMBOLS_PRIVATE_EXTERN = NO;
				GCC_WARN_64_TO_32_BIT_CONVERSION = YES;
				GCC_WARN_ABOUT_RETURN_TYPE = YES_ERROR;
				GCC_WARN_UNDECLARED_SELECTOR = YES;
				GCC_WARN_UNINITIALIZED_AUTOS = YES_AGGRESSIVE;
				GCC_WARN_UNUSED_FUNCTION = YES;
				GCC_WARN_UNUSED_VARIABLE = YES;
				IPHONEOS_DEPLOYMENT_TARGET = 8.1;
				MTL_ENABLE_DEBUG_INFO = YES;
				ONLY_ACTIVE_ARCH = YES;
				SDKROOT = iphoneos;
			};
			name = Debug;
		};
		8484DB621A8A089B004C4E5E /* Release */ = {
			isa = XCBuildConfiguration;
			buildSettings = {
				ALWAYS_SEARCH_USER_PATHS = NO;
				CLANG_CXX_LANGUAGE_STANDARD = "gnu++0x";
				CLANG_CXX_LIBRARY = "libc++";
				CLANG_ENABLE_MODULES = YES;
				CLANG_ENABLE_OBJC_ARC = YES;
				CLANG_WARN_BOOL_CONVERSION = YES;
				CLANG_WARN_CONSTANT_CONVERSION = YES;
				CLANG_WARN_DIRECT_OBJC_ISA_USAGE = YES_ERROR;
				CLANG_WARN_EMPTY_BODY = YES;
				CLANG_WARN_ENUM_CONVERSION = YES;
				CLANG_WARN_INT_CONVERSION = YES;
				CLANG_WARN_OBJC_ROOT_CLASS = YES_ERROR;
				CLANG_WARN_UNREACHABLE_CODE = YES;
				CLANG_WARN__DUPLICATE_METHOD_MATCH = YES;
				"CODE_SIGN_IDENTITY[sdk=iphoneos*]" = "iPhone Developer";
				COPY_PHASE_STRIP = YES;
				ENABLE_NS_ASSERTIONS = NO;
				ENABLE_STRICT_OBJC_MSGSEND = YES;
				GCC_C_LANGUAGE_STANDARD = gnu99;
				GCC_WARN_64_TO_32_BIT_CONVERSION = YES;
				GCC_WARN_ABOUT_RETURN_TYPE = YES_ERROR;
				GCC_WARN_UNDECLARED_SELECTOR = YES;
				GCC_WARN_UNINITIALIZED_AUTOS = YES_AGGRESSIVE;
				GCC_WARN_UNUSED_FUNCTION = YES;
				GCC_WARN_UNUSED_VARIABLE = YES;
				IPHONEOS_DEPLOYMENT_TARGET = 8.1;
				MTL_ENABLE_DEBUG_INFO = NO;
				SDKROOT = iphoneos;
				VALIDATE_PRODUCT = YES;
			};
			name = Release;
		};
		8484DB641A8A089B004C4E5E /* Debug */ = {
			isa = XCBuildConfiguration;
			buildSettings = {
				ASSETCATALOG_COMPILER_APPICON_NAME = AppIcon;
				INFOPLIST_FILE = FloatingButton/Info.plist;
				LD_RUNPATH_SEARCH_PATHS = "$(inherited) @executable_path/Frameworks";
				PRODUCT_NAME = "$(TARGET_NAME)";
			};
			name = Debug;
		};
		8484DB651A8A089B004C4E5E /* Release */ = {
			isa = XCBuildConfiguration;
			buildSettings = {
				ASSETCATALOG_COMPILER_APPICON_NAME = AppIcon;
				INFOPLIST_FILE = FloatingButton/Info.plist;
				LD_RUNPATH_SEARCH_PATHS = "$(inherited) @executable_path/Frameworks";
				PRODUCT_NAME = "$(TARGET_NAME)";
			};
			name = Release;
		};
		8484DB671A8A089B004C4E5E /* Debug */ = {
			isa = XCBuildConfiguration;
			buildSettings = {
				BUNDLE_LOADER = "$(TEST_HOST)";
				FRAMEWORK_SEARCH_PATHS = (
					"$(SDKROOT)/Developer/Library/Frameworks",
					"$(inherited)",
				);
				GCC_PREPROCESSOR_DEFINITIONS = (
					"DEBUG=1",
					"$(inherited)",
				);
				INFOPLIST_FILE = FloatingButtonTests/Info.plist;
				LD_RUNPATH_SEARCH_PATHS = "$(inherited) @executable_path/Frameworks @loader_path/Frameworks";
				PRODUCT_NAME = "$(TARGET_NAME)";
				TEST_HOST = "$(BUILT_PRODUCTS_DIR)/FloatingButton.app/FloatingButton";
			};
			name = Debug;
		};
		8484DB681A8A089B004C4E5E /* Release */ = {
			isa = XCBuildConfiguration;
			buildSettings = {
				BUNDLE_LOADER = "$(TEST_HOST)";
				FRAMEWORK_SEARCH_PATHS = (
					"$(SDKROOT)/Developer/Library/Frameworks",
					"$(inherited)",
				);
				INFOPLIST_FILE = FloatingButtonTests/Info.plist;
				LD_RUNPATH_SEARCH_PATHS = "$(inherited) @executable_path/Frameworks @loader_path/Frameworks";
				PRODUCT_NAME = "$(TARGET_NAME)";
				TEST_HOST = "$(BUILT_PRODUCTS_DIR)/FloatingButton.app/FloatingButton";
			};
			name = Release;
		};
/* End XCBuildConfiguration section */

/* Begin XCConfigurationList section */
		8484DB3B1A8A089B004C4E5E /* Build configuration list for PBXProject "FloatingButton" */ = {
			isa = XCConfigurationList;
			buildConfigurations = (
				8484DB611A8A089B004C4E5E /* Debug */,
				8484DB621A8A089B004C4E5E /* Release */,
			);
			defaultConfigurationIsVisible = 0;
			defaultConfigurationName = Release;
		};
		8484DB631A8A089B004C4E5E /* Build configuration list for PBXNativeTarget "FloatingButton" */ = {
			isa = XCConfigurationList;
			buildConfigurations = (
				8484DB641A8A089B004C4E5E /* Debug */,
				8484DB651A8A089B004C4E5E /* Release */,
			);
			defaultConfigurationIsVisible = 0;
			defaultConfigurationName = Release;
		};
		8484DB661A8A089B004C4E5E /* Build configuration list for PBXNativeTarget "FloatingButtonTests" */ = {
			isa = XCConfigurationList;
			buildConfigurations = (
				8484DB671A8A089B004C4E5E /* Debug */,
				8484DB681A8A089B004C4E5E /* Release */,
			);
			defaultConfigurationIsVisible = 0;
			defaultConfigurationName = Release;
		};
/* End XCConfigurationList section */
	};
	rootObject = 8484DB381A8A089B004C4E5E /* Project object */;
}
